
Microsoft Visual Studio Solution File, Format Version 12.00
# Visual Studio Version 17
VisualStudioVersion = 17.4.33205.214
MinimumVisualStudioVersion = 10.0.40219.1
Project("{FAE04EC0-301F-11D3-BF4B-00C04F79EFBC}") = "FactGenerator", "FactGenerator\FactGenerator.csproj", "{66043D2C-DDB0-4EB0-8DBB-717A28F40797}"
EndProject
Global
	GlobalSection(SolutionConfigurationPlatforms) = preSolution
		Debug|Any CPU = Debug|Any CPU
		Release|Any CPU = Release|Any CPU
	EndGlobalSection
	GlobalSection(ProjectConfigurationPlatforms) = postSolution
		{66043D2C-DDB0-4EB0-8DBB-717A28F40797}.Debug|Any CPU.ActiveCfg = Debug|Any CPU
		{66043D2C-DDB0-4EB0-8DBB-717A28F40797}.Debug|Any CPU.Build.0 = Debug|Any CPU
		{66043D2C-DDB0-4EB0-8DBB-717A28F40797}.Release|Any CPU.ActiveCfg = Release|Any CPU
		{66043D2C-DDB0-4EB0-8DBB-717A28F40797}.Release|Any CPU.Build.0 = Release|Any CPU
	EndGlobalSection
	GlobalSection(SolutionProperties) = preSolution
		HideSolutionNode = FALSE
	EndGlobalSection
	GlobalSection(ExtensibilityGlobals) = postSolution
		SolutionGuid = {5536C9EC-B7B8-4311-9FE4-5D9B68CE195F}
	EndGlobalSection
EndGlobal
